
Microsoft Visual Studio Solution File, Format Version 12.00
# Visual Studio Version 17
VisualStudioVersion = 17.14.36203.30 d17.14
MinimumVisualStudioVersion = 10.0.40219.1
Project("{FAE04EC0-301F-11D3-BF4B-00C04F79EFBC}") = "GroceryAppOrtiz", "GroceryAppOrtiz\GroceryAppOrtiz.csproj", "{B77B9AB4-34C4-47A7-846E-615B2FA92FBF}"
EndProject
Global
	GlobalSection(SolutionConfigurationPlatforms) = preSolution
		Debug|Any CPU = Debug|Any CPU
		Release|Any CPU = Release|Any CPU
	EndGlobalSection
	GlobalSection(ProjectConfigurationPlatforms) = postSolution
		{B77B9AB4-34C4-47A7-846E-615B2FA92FBF}.Debug|Any CPU.ActiveCfg = Debug|Any CPU
		{B77B9AB4-34C4-47A7-846E-615B2FA92FBF}.Debug|Any CPU.Build.0 = Debug|Any CPU
		{B77B9AB4-34C4-47A7-846E-615B2FA92FBF}.Release|Any CPU.ActiveCfg = Release|Any CPU
		{B77B9AB4-34C4-47A7-846E-615B2FA92FBF}.Release|Any CPU.Build.0 = Release|Any CPU
	EndGlobalSection
	GlobalSection(SolutionProperties) = preSolution
		HideSolutionNode = FALSE
	EndGlobalSection
	GlobalSection(ExtensibilityGlobals) = postSolution
		SolutionGuid = {F8FE06E7-C52B-4383-9F2B-9F39CE8F2AFD}
	EndGlobalSection
EndGlobal
